
Microsoft Visual Studio Solution File, Format Version 12.00
# Visual Studio Version 17
VisualStudioVersion = 17.4.33205.214
MinimumVisualStudioVersion = 10.0.40219.1
Project("{FAE04EC0-301F-11D3-BF4B-00C04F79EFBC}") = "20UMLQuestion", "20UMLQuestion.csproj", "{0B9AFF47-90BB-48AA-8464-B1B212AA7880}"
EndProject
Global
	GlobalSection(SolutionConfigurationPlatforms) = preSolution
		Debug|Any CPU = Debug|Any CPU
		Release|Any CPU = Release|Any CPU
	EndGlobalSection
	GlobalSection(ProjectConfigurationPlatforms) = postSolution
		{0B9AFF47-90BB-48AA-8464-B1B212AA7880}.Debug|Any CPU.ActiveCfg = Debug|Any CPU
		{0B9AFF47-90BB-48AA-8464-B1B212AA7880}.Debug|Any CPU.Build.0 = Debug|Any CPU
		{0B9AFF47-90BB-48AA-8464-B1B212AA7880}.Release|Any CPU.ActiveCfg = Release|Any CPU
		{0B9AFF47-90BB-48AA-8464-B1B212AA7880}.Release|Any CPU.Build.0 = Release|Any CPU
	EndGlobalSection
	GlobalSection(SolutionProperties) = preSolution
		HideSolutionNode = FALSE
	EndGlobalSection
	GlobalSection(ExtensibilityGlobals) = postSolution
		SolutionGuid = {8CEF2090-0AC5-4330-945B-1E83A8C80156}
	EndGlobalSection
EndGlobal
